
Microsoft Visual Studio Solution File, Format Version 12.00
# Visual Studio Version 16
VisualStudioVersion = 16.0.29613.14
MinimumVisualStudioVersion = 10.0.40219.1
Project("{2150E333-8FDC-42A3-9474-1A3956D46DE8}") = "Solution Items", "Solution Items", "{87F879E6-741B-4AE8-B867-2F8DDA2B179B}"
	ProjectSection(SolutionItems) = preProject
		Readme.md = Readme.md
	EndProjectSection
EndProject
Project("{FAE04EC0-301F-11D3-BF4B-00C04F79EFBC}") = "Basics", "Basics\Basics.csproj", "{B6F9E8EB-5EC5-40E5-8229-4CAC9DE05880}"
EndProject
Global
	GlobalSection(SolutionConfigurationPlatforms) = preSolution
		Debug|Any CPU = Debug|Any CPU
		Release|Any CPU = Release|Any CPU
	EndGlobalSection
	GlobalSection(ProjectConfigurationPlatforms) = postSolution
		{B6F9E8EB-5EC5-40E5-8229-4CAC9DE05880}.Debug|Any CPU.ActiveCfg = Debug|Any CPU
		{B6F9E8EB-5EC5-40E5-8229-4CAC9DE05880}.Debug|Any CPU.Build.0 = Debug|Any CPU
		{B6F9E8EB-5EC5-40E5-8229-4CAC9DE05880}.Release|Any CPU.ActiveCfg = Release|Any CPU
		{B6F9E8EB-5EC5-40E5-8229-4CAC9DE05880}.Release|Any CPU.Build.0 = Release|Any CPU
	EndGlobalSection
	GlobalSection(SolutionProperties) = preSolution
		HideSolutionNode = FALSE
	EndGlobalSection
	GlobalSection(ExtensibilityGlobals) = postSolution
		SolutionGuid = {6135379D-4B47-49CE-BC43-EEE708228C13}
	EndGlobalSection
EndGlobal
